
Microsoft Visual Studio Solution File, Format Version 12.00
# Visual Studio Version 17
VisualStudioVersion = 17.7.34009.444
MinimumVisualStudioVersion = 10.0.40219.1
Project("{9A19103F-16F7-4668-BE54-9A1E7A4F7556}") = "Paupers", "Paupers.csproj", "{1A14936C-2F48-4174-8237-DF1FDA6F0ABE}"
EndProject
Global
	GlobalSection(SolutionConfigurationPlatforms) = preSolution
		Debug|Any CPU = Debug|Any CPU
		Release|Any CPU = Release|Any CPU
	EndGlobalSection
	GlobalSection(ProjectConfigurationPlatforms) = postSolution
		{1A14936C-2F48-4174-8237-DF1FDA6F0ABE}.Debug|Any CPU.ActiveCfg = Debug|Any CPU
		{1A14936C-2F48-4174-8237-DF1FDA6F0ABE}.Debug|Any CPU.Build.0 = Debug|Any CPU
		{1A14936C-2F48-4174-8237-DF1FDA6F0ABE}.Release|Any CPU.ActiveCfg = Release|Any CPU
		{1A14936C-2F48-4174-8237-DF1FDA6F0ABE}.Release|Any CPU.Build.0 = Release|Any CPU
	EndGlobalSection
	GlobalSection(SolutionProperties) = preSolution
		HideSolutionNode = FALSE
	EndGlobalSection
	GlobalSection(ExtensibilityGlobals) = postSolution
		SolutionGuid = {65162251-ECA5-45CA-B063-7C681B6A6675}
	EndGlobalSection
EndGlobal
